
Microsoft Visual Studio Solution File, Format Version 12.00
# Visual Studio Version 16
VisualStudioVersion = 16.0.31129.286
MinimumVisualStudioVersion = 10.0.40219.1
Project("{FAE04EC0-301F-11D3-BF4B-00C04F79EFBC}") = "StringTableDemo", "StringTable\StringTableDemo.csproj", "{7DAB0814-88CF-47FA-A75E-019008653329}"
EndProject
Global
	GlobalSection(SolutionConfigurationPlatforms) = preSolution
		Debug|Any CPU = Debug|Any CPU
		Release|Any CPU = Release|Any CPU
	EndGlobalSection
	GlobalSection(ProjectConfigurationPlatforms) = postSolution
		{7DAB0814-88CF-47FA-A75E-019008653329}.Debug|Any CPU.ActiveCfg = Debug|Any CPU
		{7DAB0814-88CF-47FA-A75E-019008653329}.Debug|Any CPU.Build.0 = Debug|Any CPU
		{7DAB0814-88CF-47FA-A75E-019008653329}.Release|Any CPU.ActiveCfg = Release|Any CPU
		{7DAB0814-88CF-47FA-A75E-019008653329}.Release|Any CPU.Build.0 = Release|Any CPU
	EndGlobalSection
	GlobalSection(SolutionProperties) = preSolution
		HideSolutionNode = FALSE
	EndGlobalSection
	GlobalSection(ExtensibilityGlobals) = postSolution
		SolutionGuid = {10F5BD8A-168D-4EFD-8883-BE1348500BA7}
	EndGlobalSection
EndGlobal
